{
  "name": "@podkit/docker",
  "version": "1.0.0-alpha.2",
  "lockfileVersion": 2,
  "requires": true,
  "packages": {
    "": {
      "name": "@podkit/docker",
      "version": "1.0.0-alpha.2",
      "license": "MIT",
      "dependencies": {
        "@await/spawn": "^9.0.0",
        "@reified/fail": "^1.0.0-alpha.1",
        "@reified/function": "^1.0.0-alpha.1"
      }
    },
    "node_modules/@await/spawn": {
      "version": "9.0.0",
      "resolved": "https://registry.npmjs.org/@await/spawn/-/spawn-9.0.0.tgz",
      "integrity": "sha512-1daLlQQVW0VlSqZD8PacNAmAbBWg56nJxJC6gmw2Tg7IPIs7pD/Yj42q6gRjnFi8j4KwwZp390SSLI5G29xqzw=="
    },
    "node_modules/@reified/fail": {
      "version": "1.0.0-alpha.1",
      "resolved": "https://registry.npmjs.org/@reified/fail/-/fail-1.0.0-alpha.1.tgz",
      "integrity": "sha512-kA3yv1eojteVOACLVwaw0g0i+rDUtkryYlKQmwv7AIB7rXIC6yE+4mDUS9tN3ijeYKH71ZddsJQVxGm8NdOeaw=="
    },
    "node_modules/@reified/function": {
      "version": "1.0.0-alpha.1",
      "resolved": "https://registry.npmjs.org/@reified/function/-/function-1.0.0-alpha.1.tgz",
      "integrity": "sha512-hVMDOj+Du60gXID/U2oOxrKPdg/tbT5b2Fu/C7WKyShSnZug1NTfcSiFxrEybOpkOQqRn3knrKXM8FWyGTqaXQ=="
    }
  },
  "dependencies": {
    "@await/spawn": {
      "version": "9.0.0",
      "resolved": "https://registry.npmjs.org/@await/spawn/-/spawn-9.0.0.tgz",
      "integrity": "sha512-1daLlQQVW0VlSqZD8PacNAmAbBWg56nJxJC6gmw2Tg7IPIs7pD/Yj42q6gRjnFi8j4KwwZp390SSLI5G29xqzw=="
    },
    "@reified/fail": {
      "version": "1.0.0-alpha.1",
      "resolved": "https://registry.npmjs.org/@reified/fail/-/fail-1.0.0-alpha.1.tgz",
      "integrity": "sha512-kA3yv1eojteVOACLVwaw0g0i+rDUtkryYlKQmwv7AIB7rXIC6yE+4mDUS9tN3ijeYKH71ZddsJQVxGm8NdOeaw=="
    },
    "@reified/function": {
      "version": "1.0.0-alpha.1",
      "resolved": "https://registry.npmjs.org/@reified/function/-/function-1.0.0-alpha.1.tgz",
      "integrity": "sha512-hVMDOj+Du60gXID/U2oOxrKPdg/tbT5b2Fu/C7WKyShSnZug1NTfcSiFxrEybOpkOQqRn3knrKXM8FWyGTqaXQ=="
    }
  }
}
